
Microsoft Visual Studio Solution File, Format Version 12.00
# Visual Studio 15
VisualStudioVersion = 15.0.26403.0
MinimumVisualStudioVersion = 10.0.40219.1
Project("{FAE04EC0-301F-11D3-BF4B-00C04F79EFBC}") = "RSSReader", "RSSReader\RSSReader.csproj", "{97F5EA40-E689-44D7-8C1A-59AF818B4EF2}"
EndProject
Project("{FAE04EC0-301F-11D3-BF4B-00C04F79EFBC}") = "RSSDemo", "RSSDemo\RSSDemo.csproj", "{8E612F2D-FF8D-497A-A3D4-5CF6276D4797}"
EndProject
Project("{FAE04EC0-301F-11D3-BF4B-00C04F79EFBC}") = "NewsAnalyzer", "NewsAnalyzer\NewsAnalyzer.csproj", "{7BCE8CD1-509D-4182-9763-75A10ED92723}"
EndProject
Project("{FAE04EC0-301F-11D3-BF4B-00C04F79EFBC}") = "Repository.Interfaces", "RepositoryIterfaces\Repository.Interfaces.csproj", "{EA5CD44A-E919-4708-AA08-72B7210F93DA}"
EndProject
Project("{FAE04EC0-301F-11D3-BF4B-00C04F79EFBC}") = "RepositoryImplementations", "RepositoryImplementations\RepositoryImplementations.csproj", "{3A56450B-D95B-46CC-8AC4-B015F8D09814}"
EndProject
Project("{FAE04EC0-301F-11D3-BF4B-00C04F79EFBC}") = "DAL", "DAL\DAL.csproj", "{1551C071-D361-4801-A202-6DEBA60737FC}"
EndProject
Global
	GlobalSection(SolutionConfigurationPlatforms) = preSolution
		Debug|Any CPU = Debug|Any CPU
		Release|Any CPU = Release|Any CPU
	EndGlobalSection
	GlobalSection(ProjectConfigurationPlatforms) = postSolution
		{97F5EA40-E689-44D7-8C1A-59AF818B4EF2}.Debug|Any CPU.ActiveCfg = Debug|Any CPU
		{97F5EA40-E689-44D7-8C1A-59AF818B4EF2}.Debug|Any CPU.Build.0 = Debug|Any CPU
		{97F5EA40-E689-44D7-8C1A-59AF818B4EF2}.Release|Any CPU.ActiveCfg = Release|Any CPU
		{97F5EA40-E689-44D7-8C1A-59AF818B4EF2}.Release|Any CPU.Build.0 = Release|Any CPU
		{8E612F2D-FF8D-497A-A3D4-5CF6276D4797}.Debug|Any CPU.ActiveCfg = Debug|Any CPU
		{8E612F2D-FF8D-497A-A3D4-5CF6276D4797}.Debug|Any CPU.Build.0 = Debug|Any CPU
		{8E612F2D-FF8D-497A-A3D4-5CF6276D4797}.Release|Any CPU.ActiveCfg = Release|Any CPU
		{8E612F2D-FF8D-497A-A3D4-5CF6276D4797}.Release|Any CPU.Build.0 = Release|Any CPU
		{7BCE8CD1-509D-4182-9763-75A10ED92723}.Debug|Any CPU.ActiveCfg = Debug|Any CPU
		{7BCE8CD1-509D-4182-9763-75A10ED92723}.Debug|Any CPU.Build.0 = Debug|Any CPU
		{7BCE8CD1-509D-4182-9763-75A10ED92723}.Release|Any CPU.ActiveCfg = Release|Any CPU
		{7BCE8CD1-509D-4182-9763-75A10ED92723}.Release|Any CPU.Build.0 = Release|Any CPU
		{EA5CD44A-E919-4708-AA08-72B7210F93DA}.Debug|Any CPU.ActiveCfg = Debug|Any CPU
		{EA5CD44A-E919-4708-AA08-72B7210F93DA}.Debug|Any CPU.Build.0 = Debug|Any CPU
		{EA5CD44A-E919-4708-AA08-72B7210F93DA}.Release|Any CPU.ActiveCfg = Release|Any CPU
		{EA5CD44A-E919-4708-AA08-72B7210F93DA}.Release|Any CPU.Build.0 = Release|Any CPU
		{3A56450B-D95B-46CC-8AC4-B015F8D09814}.Debug|Any CPU.ActiveCfg = Debug|Any CPU
		{3A56450B-D95B-46CC-8AC4-B015F8D09814}.Debug|Any CPU.Build.0 = Debug|Any CPU
		{3A56450B-D95B-46CC-8AC4-B015F8D09814}.Release|Any CPU.ActiveCfg = Release|Any CPU
		{3A56450B-D95B-46CC-8AC4-B015F8D09814}.Release|Any CPU.Build.0 = Release|Any CPU
		{1551C071-D361-4801-A202-6DEBA60737FC}.Debug|Any CPU.ActiveCfg = Debug|Any CPU
		{1551C071-D361-4801-A202-6DEBA60737FC}.Debug|Any CPU.Build.0 = Debug|Any CPU
		{1551C071-D361-4801-A202-6DEBA60737FC}.Release|Any CPU.ActiveCfg = Release|Any CPU
		{1551C071-D361-4801-A202-6DEBA60737FC}.Release|Any CPU.Build.0 = Release|Any CPU
	EndGlobalSection
	GlobalSection(SolutionProperties) = preSolution
		HideSolutionNode = FALSE
	EndGlobalSection
EndGlobal
